PODS:
  - AutoCoding (2.2.3)
  - DTBonjour (1.1.1)
  - DZNEmptyDataSet (1.7.3)
  - GZIP (1.3.0)
  - HockeySDK (5.1.4):
    - HockeySDK/DefaultLib (= 5.1.4)
  - HockeySDK/DefaultLib (5.1.4)
  - JGMethodSwizzler (2.0.1)
  - KissXML (5.1.2):
    - KissXML/Core (= 5.1.2)
  - KissXML/Core (5.1.2)
  - Masonry (1.1.0)
  - MRProgress (0.7.0):
    - MRProgress/ActivityIndicator (= 0.7.0)
    - MRProgress/Blur (= 0.7.0)
    - MRProgress/Circular (= 0.7.0)
    - MRProgress/Icons (= 0.7.0)
    - MRProgress/NavigationBarProgress (= 0.7.0)
    - MRProgress/Overlay (= 0.7.0)
  - MRProgress/ActivityIndicator (0.7.0):
    - MRProgress/Stopable
  - MRProgress/Blur (0.7.0):
    - MRProgress/Helper
  - MRProgress/Circular (0.7.0):
    - MRProgress/Helper
    - MRProgress/ProgressBaseClass
    - MRProgress/Stopable
  - MRProgress/Helper (0.7.0)
  - MRProgress/Icons (0.7.0)
  - MRProgress/NavigationBarProgress (0.7.0):
    - MRProgress/ProgressBaseClass
  - MRProgress/Overlay (0.7.0):
    - MRProgress/ActivityIndicator
    - MRProgress/Blur
    - MRProgress/Circular
    - MRProgress/Helper
    - MRProgress/Icons
  - MRProgress/ProgressBaseClass (0.7.0)
  - MRProgress/Stopable (0.7.0):
    - MRProgress/Helper
  - NSTimer-Blocks (0.0.1)
  - Reachability (3.2)
  - SAMKeychain (1.5.3)
  - SnapKit (4.2.0)
  - "UIActionSheet+Blocks (0.9)"
  - "UIAlertView+Blocks (0.9)"

DEPENDENCIES:
  - AutoCoding
  - DTBonjour (from `Modified Pods/DTBonjour/DTBonjour.podspec`)
  - DZNEmptyDataSet (from `https://github.com/benrudhart/DZNEmptyDataSet.git`)
  - GZIP
  - HockeySDK
  - JGMethodSwizzler
  - KissXML (from `Modified Pods/KissXML-5.1.2/KissXML.podspec`)
  - Masonry
  - MRProgress (from `Modified Pods/MRProgress/MRProgress.podspec`)
  - NSTimer-Blocks
  - Reachability
  - SAMKeychain
  - SnapKit
  - "UIActionSheet+Blocks"
  - "UIAlertView+Blocks"

SPEC REPOS:
  trunk:
    - AutoCoding
    - GZIP
    - HockeySDK
    - JGMethodSwizzler
    - Masonry
    - NSTimer-Blocks
    - Reachability
    - SAMKeychain
    - SnapKit
    - "UIActionSheet+Blocks"
    - "UIAlertView+Blocks"

EXTERNAL SOURCES:
  DTBonjour:
    :path: Modified Pods/DTBonjour/DTBonjour.podspec
  DZNEmptyDataSet:
    :git: https://github.com/benrudhart/DZNEmptyDataSet.git
  KissXML:
    :path: Modified Pods/KissXML-5.1.2/KissXML.podspec
  MRProgress:
    :path: Modified Pods/MRProgress/MRProgress.podspec

CHECKOUT OPTIONS:
  DZNEmptyDataSet:
    :commit: 7b9c2734aa5832606099fb1dee7b3ed188d627d4
    :git: https://github.com/benrudhart/DZNEmptyDataSet.git

SPEC CHECKSUMS:
  AutoCoding: 90ca3cbc0d77a37cfff75167d705b44148c5fc51
  DTBonjour: f221ef5500b109de0eb8cf0f6700c10a27cc8eb0
  DZNEmptyDataSet: dd7cca17c1d07dfa78956859b1e70a52505678ef
  GZIP: 416858efbe66b41b206895ac6dfd5493200d95b3
  HockeySDK: c2b7e0afce4587af7b6264ab0fd854f5876afaa6
  JGMethodSwizzler: e0ea5c1c6c55304ec4ef3f54e441400c6735c899
  KissXML: 246c842586bb77110e04fb88e19376d96245c856
  Masonry: 678fab65091a9290e40e2832a55e7ab731aad201
  MRProgress: ae0bff676bc83d62cfd5567bba3325f4617c7215
  NSTimer-Blocks: 88faf9aef5f250ead087f3f67ae642517083bf36
  Reachability: 33e18b67625424e47b6cde6d202dce689ad7af96
  SAMKeychain: 483e1c9f32984d50ca961e26818a534283b4cd5c
  SnapKit: fe8a619752f3f27075cc9a90244d75c6c3f27e2a
  "UIActionSheet+Blocks": e180b7dad0a721ab7f212ac9742af799008bb358
  "UIAlertView+Blocks": a46c99c5144f6c5dbc7d62fd2a0678daceec89a3

PODFILE CHECKSUM: 49269cb51e262dc4128894ffa8206caab861f1bc

COCOAPODS: 1.8.4
