// !$*UTF8*$!
{
	archiveVersion = 1;
	classes = {
	};
	objectVersion = 46;
	objects = {

/* Begin PBXBuildFile section */
		A9FB98401DC17F64CCCB18E3 /* libPods-KissXMLTests.a in Frameworks */ = {isa = PBXBuildFile; fileRef = DB24D3F146594D5BA971AF07 /* libPods-KissXMLTests.a */; };
		D92F89D21C582AEE008C1F90 /* KissXMLTests.m in Sources */ = {isa = PBXBuildFile; fileRef = D92F89D11C582AEE008C1F90 /* KissXMLTests.m */; };
/* End PBXBuildFile section */

/* Begin PBXFileReference section */
		118119B6ADBE0D1B53049C24 /* Pods-KissXMLTests.debug.xcconfig */ = {isa = PBXFileReference; includeInIndex = 1; lastKnownFileType = text.xcconfig; name = "Pods-KissXMLTests.debug.xcconfig"; path = "Pods/Target Support Files/Pods-KissXMLTests/Pods-KissXMLTests.debug.xcconfig"; sourceTree = "<group>"; };
		B6FADFA4F3C952CEB87FD8F8 /* Pods-KissXMLTests.release.xcconfig */ = {isa = PBXFileReference; includeInIndex = 1; lastKnownFileType = text.xcconfig; name = "Pods-KissXMLTests.release.xcconfig"; path = "Pods/Target Support Files/Pods-KissXMLTests/Pods-KissXMLTests.release.xcconfig"; sourceTree = "<group>"; };
		D92F89CF1C582AEE008C1F90 /* KissXMLTests.xctest */ = {isa = PBXFileReference; explicitFileType = wrapper.cfbundle; includeInIndex = 0; path = KissXMLTests.xctest; sourceTree = BUILT_PRODUCTS_DIR; };
		D92F89D11C582AEE008C1F90 /* KissXMLTests.m */ = {isa = PBXFileReference; lastKnownFileType = sourcecode.c.objc; name = KissXMLTests.m; path = ../../Shared/KissXMLTests.m; sourceTree = "<group>"; };
		D92F89D31C582AEE008C1F90 /* Info.plist */ = {isa = PBXFileReference; lastKnownFileType = text.plist.xml; path = Info.plist; sourceTree = "<group>"; };
		DB24D3F146594D5BA971AF07 /* libPods-KissXMLTests.a */ = {isa = PBXFileReference; explicitFileType = archive.ar; includeInIndex = 0; path = "libPods-KissXMLTests.a"; sourceTree = BUILT_PRODUCTS_DIR; };
/* End PBXFileReference section */

/* Begin PBXFrameworksBuildPhase section */
		D92F89CC1C582AEE008C1F90 /* Frameworks */ = {
			isa = PBXFrameworksBuildPhase;
			buildActionMask = 2147483647;
			files = (
				A9FB98401DC17F64CCCB18E3 /* libPods-KissXMLTests.a in Frameworks */,
			);
			runOnlyForDeploymentPostprocessing = 0;
		};
/* End PBXFrameworksBuildPhase section */

/* Begin PBXGroup section */
		77336FAB70E3EE954FF63735 /* Frameworks */ = {
			isa = PBXGroup;
			children = (
				DB24D3F146594D5BA971AF07 /* libPods-KissXMLTests.a */,
			);
			name = Frameworks;
			sourceTree = "<group>";
		};
		D92F89D01C582AEE008C1F90 /* KissXMLTests */ = {
			isa = PBXGroup;
			children = (
				D92F89D11C582AEE008C1F90 /* KissXMLTests.m */,
				D92F89D31C582AEE008C1F90 /* Info.plist */,
			);
			path = KissXMLTests;
			sourceTree = "<group>";
		};
		D9AA72491C56EE9D00002BEE = {
			isa = PBXGroup;
			children = (
				D92F89D01C582AEE008C1F90 /* KissXMLTests */,
				D9AA72551C56EEF500002BEE /* Products */,
				E18FECB466D758E0304EE6FD /* Pods */,
				77336FAB70E3EE954FF63735 /* Frameworks */,
			);
			sourceTree = "<group>";
		};
		D9AA72551C56EEF500002BEE /* Products */ = {
			isa = PBXGroup;
			children = (
				D92F89CF1C582AEE008C1F90 /* KissXMLTests.xctest */,
			);
			name = Products;
			sourceTree = "<group>";
		};
		E18FECB466D758E0304EE6FD /* Pods */ = {
			isa = PBXGroup;
			children = (
				118119B6ADBE0D1B53049C24 /* Pods-KissXMLTests.debug.xcconfig */,
				B6FADFA4F3C952CEB87FD8F8 /* Pods-KissXMLTests.release.xcconfig */,
			);
			name = Pods;
			sourceTree = "<group>";
		};
/* End PBXGroup section */

/* Begin PBXNativeTarget section */
		D92F89CE1C582AEE008C1F90 /* KissXMLTests */ = {
			isa = PBXNativeTarget;
			buildConfigurationList = D92F89D41C582AEE008C1F90 /* Build configuration list for PBXNativeTarget "KissXMLTests" */;
			buildPhases = (
				2B9FDC8BF808217099BB7420 /* [CP] Check Pods Manifest.lock */,
				D92F89CB1C582AEE008C1F90 /* Sources */,
				D92F89CC1C582AEE008C1F90 /* Frameworks */,
				D92F89CD1C582AEE008C1F90 /* Resources */,
				796A1BB0D488DBA9C15D14DD /* [CP] Embed Pods Frameworks */,
				506DF61E02F664DE0B44A546 /* [CP] Copy Pods Resources */,
			);
			buildRules = (
			);
			dependencies = (
			);
			name = KissXMLTests;
			productName = KissXMLTests;
			productReference = D92F89CF1C582AEE008C1F90 /* KissXMLTests.xctest */;
			productType = "com.apple.product-type.bundle.unit-test";
		};
/* End PBXNativeTarget section */

/* Begin PBXProject section */
		D9AA724A1C56EE9D00002BEE /* Project object */ = {
			isa = PBXProject;
			attributes = {
				LastSwiftUpdateCheck = 0720;
				LastUpgradeCheck = 0720;
				TargetAttributes = {
					D92F89CE1C582AEE008C1F90 = {
						CreatedOnToolsVersion = 7.2;
					};
				};
			};
			buildConfigurationList = D9AA724D1C56EE9D00002BEE /* Build configuration list for PBXProject "KissXML" */;
			compatibilityVersion = "Xcode 3.2";
			developmentRegion = English;
			hasScannedForEncodings = 0;
			knownRegions = (
				en,
			);
			mainGroup = D9AA72491C56EE9D00002BEE;
			productRefGroup = D9AA72551C56EEF500002BEE /* Products */;
			projectDirPath = "";
			projectRoot = "";
			targets = (
				D92F89CE1C582AEE008C1F90 /* KissXMLTests */,
			);
		};
/* End PBXProject section */

/* Begin PBXResourcesBuildPhase section */
		D92F89CD1C582AEE008C1F90 /* Resources */ = {
			isa = PBXResourcesBuildPhase;
			buildActionMask = 2147483647;
			files = (
			);
			runOnlyForDeploymentPostprocessing = 0;
		};
/* End PBXResourcesBuildPhase section */

/* Begin PBXShellScriptBuildPhase section */
		2B9FDC8BF808217099BB7420 /* [CP] Check Pods Manifest.lock */ = {
			isa = PBXShellScriptBuildPhase;
			buildActionMask = 2147483647;
			files = (
			);
			inputPaths = (
			);
			name = "[CP] Check Pods Manifest.lock";
			outputPaths = (
			);
			runOnlyForDeploymentPostprocessing = 0;
			shellPath = /bin/sh;
			shellScript = "diff \"${PODS_ROOT}/../Podfile.lock\" \"${PODS_ROOT}/Manifest.lock\" > /dev/null\nif [[ $? != 0 ]] ; then\n    cat << EOM\nerror: The sandbox is not in sync with the Podfile.lock. Run 'pod install' or update your CocoaPods installation.\nEOM\n    exit 1\nfi\n";
			showEnvVarsInLog = 0;
		};
		506DF61E02F664DE0B44A546 /* [CP] Copy Pods Resources */ = {
			isa = PBXShellScriptBuildPhase;
			buildActionMask = 2147483647;
			files = (
			);
			inputPaths = (
			);
			name = "[CP] Copy Pods Resources";
			outputPaths = (
			);
			runOnlyForDeploymentPostprocessing = 0;
			shellPath = /bin/sh;
			shellScript = "\"${SRCROOT}/Pods/Target Support Files/Pods-KissXMLTests/Pods-KissXMLTests-resources.sh\"\n";
			showEnvVarsInLog = 0;
		};
		796A1BB0D488DBA9C15D14DD /* [CP] Embed Pods Frameworks */ = {
			isa = PBXShellScriptBuildPhase;
			buildActionMask = 2147483647;
			files = (
			);
			inputPaths = (
			);
			name = "[CP] Embed Pods Frameworks";
			outputPaths = (
			);
			runOnlyForDeploymentPostprocessing = 0;
			shellPath = /bin/sh;
			shellScript = "\"${SRCROOT}/Pods/Target Support Files/Pods-KissXMLTests/Pods-KissXMLTests-frameworks.sh\"\n";
			showEnvVarsInLog = 0;
		};
/* End PBXShellScriptBuildPhase section */

/* Begin PBXSourcesBuildPhase section */
		D92F89CB1C582AEE008C1F90 /* Sources */ = {
			isa = PBXSourcesBuildPhase;
			buildActionMask = 2147483647;
			files = (
				D92F89D21C582AEE008C1F90 /* KissXMLTests.m in Sources */,
			);
			runOnlyForDeploymentPostprocessing = 0;
		};
/* End PBXSourcesBuildPhase section */

/* Begin XCBuildConfiguration section */
		D92F89D51C582AEE008C1F90 /* Debug */ = {
			isa = XCBuildConfiguration;
			baseConfigurationReference = 118119B6ADBE0D1B53049C24 /* Pods-KissXMLTests.debug.xcconfig */;
			buildSettings = {
				ALWAYS_SEARCH_USER_PATHS = NO;
				CLANG_CXX_LANGUAGE_STANDARD = "gnu++0x";
				CLANG_CXX_LIBRARY = "libc++";
				CLANG_ENABLE_MODULES = YES;
				CLANG_ENABLE_OBJC_ARC = YES;
				CLANG_WARN_BOOL_CONVERSION = YES;
				CLANG_WARN_CONSTANT_CONVERSION = YES;
				CLANG_WARN_DIRECT_OBJC_ISA_USAGE = YES_ERROR;
				CLANG_WARN_EMPTY_BODY = YES;
				CLANG_WARN_ENUM_CONVERSION = YES;
				CLANG_WARN_INT_CONVERSION = YES;
				CLANG_WARN_OBJC_ROOT_CLASS = YES_ERROR;
				CLANG_WARN_UNREACHABLE_CODE = YES;
				CLANG_WARN__DUPLICATE_METHOD_MATCH = YES;
				"CODE_SIGN_IDENTITY[sdk=iphoneos*]" = "iPhone Developer";
				COPY_PHASE_STRIP = NO;
				DEBUG_INFORMATION_FORMAT = dwarf;
				ENABLE_STRICT_OBJC_MSGSEND = YES;
				ENABLE_TESTABILITY = YES;
				GCC_C_LANGUAGE_STANDARD = gnu99;
				GCC_DYNAMIC_NO_PIC = NO;
				GCC_NO_COMMON_BLOCKS = YES;
				GCC_OPTIMIZATION_LEVEL = 0;
				GCC_PREPROCESSOR_DEFINITIONS = (
					"DEBUG=1",
					"$(inherited)",
				);
				GCC_WARN_64_TO_32_BIT_CONVERSION = YES;
				GCC_WARN_ABOUT_RETURN_TYPE = YES_ERROR;
				GCC_WARN_UNDECLARED_SELECTOR = YES;
				GCC_WARN_UNINITIALIZED_AUTOS = YES_AGGRESSIVE;
				GCC_WARN_UNUSED_FUNCTION = YES;
				GCC_WARN_UNUSED_VARIABLE = YES;
				INFOPLIST_FILE = KissXMLTests/Info.plist;
				IPHONEOS_DEPLOYMENT_TARGET = 9.2;
				LD_RUNPATH_SEARCH_PATHS = "$(inherited) @executable_path/Frameworks @loader_path/Frameworks";
				MTL_ENABLE_DEBUG_INFO = YES;
				ONLY_ACTIVE_ARCH = YES;
				PRODUCT_BUNDLE_IDENTIFIER = io.ballinger.KissXMLTests;
				PRODUCT_NAME = "$(TARGET_NAME)";
				SDKROOT = iphoneos;
			};
			name = Debug;
		};
		D92F89D61C582AEE008C1F90 /* Release */ = {
			isa = XCBuildConfiguration;
			baseConfigurationReference = B6FADFA4F3C952CEB87FD8F8 /* Pods-KissXMLTests.release.xcconfig */;
			buildSettings = {
				ALWAYS_SEARCH_USER_PATHS = NO;
				CLANG_CXX_LANGUAGE_STANDARD = "gnu++0x";
				CLANG_CXX_LIBRARY = "libc++";
				CLANG_ENABLE_MODULES = YES;
				CLANG_ENABLE_OBJC_ARC = YES;
				CLANG_WARN_BOOL_CONVERSION = YES;
				CLANG_WARN_CONSTANT_CONVERSION = YES;
				CLANG_WARN_DIRECT_OBJC_ISA_USAGE = YES_ERROR;
				CLANG_WARN_EMPTY_BODY = YES;
				CLANG_WARN_ENUM_CONVERSION = YES;
				CLANG_WARN_INT_CONVERSION = YES;
				CLANG_WARN_OBJC_ROOT_CLASS = YES_ERROR;
				CLANG_WARN_UNREACHABLE_CODE = YES;
				CLANG_WARN__DUPLICATE_METHOD_MATCH = YES;
				"CODE_SIGN_IDENTITY[sdk=iphoneos*]" = "iPhone Developer";
				COPY_PHASE_STRIP = NO;
				DEBUG_INFORMATION_FORMAT = "dwarf-with-dsym";
				ENABLE_NS_ASSERTIONS = NO;
				ENABLE_STRICT_OBJC_MSGSEND = YES;
				GCC_C_LANGUAGE_STANDARD = gnu99;
				GCC_NO_COMMON_BLOCKS = YES;
				GCC_WARN_64_TO_32_BIT_CONVERSION = YES;
				GCC_WARN_ABOUT_RETURN_TYPE = YES_ERROR;
				GCC_WARN_UNDECLARED_SELECTOR = YES;
				GCC_WARN_UNINITIALIZED_AUTOS = YES_AGGRESSIVE;
				GCC_WARN_UNUSED_FUNCTION = YES;
				GCC_WARN_UNUSED_VARIABLE = YES;
				INFOPLIST_FILE = KissXMLTests/Info.plist;
				IPHONEOS_DEPLOYMENT_TARGET = 9.2;
				LD_RUNPATH_SEARCH_PATHS = "$(inherited) @executable_path/Frameworks @loader_path/Frameworks";
				MTL_ENABLE_DEBUG_INFO = NO;
				PRODUCT_BUNDLE_IDENTIFIER = io.ballinger.KissXMLTests;
				PRODUCT_NAME = "$(TARGET_NAME)";
				SDKROOT = iphoneos;
				VALIDATE_PRODUCT = YES;
			};
			name = Release;
		};
		D9AA724E1C56EE9D00002BEE /* Debug */ = {
			isa = XCBuildConfiguration;
			buildSettings = {
				SDKROOT = iphoneos;
			};
			name = Debug;
		};
		D9AA724F1C56EE9D00002BEE /* Release */ = {
			isa = XCBuildConfiguration;
			buildSettings = {
				SDKROOT = iphoneos;
			};
			name = Release;
		};
/* End XCBuildConfiguration section */

/* Begin XCConfigurationList section */
		D92F89D41C582AEE008C1F90 /* Build configuration list for PBXNativeTarget "KissXMLTests" */ = {
			isa = XCConfigurationList;
			buildConfigurations = (
				D92F89D51C582AEE008C1F90 /* Debug */,
				D92F89D61C582AEE008C1F90 /* Release */,
			);
			defaultConfigurationIsVisible = 0;
			defaultConfigurationName = Release;
		};
		D9AA724D1C56EE9D00002BEE /* Build configuration list for PBXProject "KissXML" */ = {
			isa = XCConfigurationList;
			buildConfigurations = (
				D9AA724E1C56EE9D00002BEE /* Debug */,
				D9AA724F1C56EE9D00002BEE /* Release */,
			);
			defaultConfigurationIsVisible = 0;
			defaultConfigurationName = Release;
		};
/* End XCConfigurationList section */
	};
	rootObject = D9AA724A1C56EE9D00002BEE /* Project object */;
}
