// !$*UTF8*$!
{
	archiveVersion = 1;
	classes = {
	};
	objectVersion = 46;
	objects = {

/* Begin PBXBuildFile section */
		2357A048A50D62A0726A47D7 /* Pods_KissXMLTests.framework in Frameworks */ = {isa = PBXBuildFile; fileRef = 5C70BB7AE0E553D05BD5B28A /* Pods_KissXMLTests.framework */; };
		D9AA72581C56EEF500002BEE /* KissXMLTests.m in Sources */ = {isa = PBXBuildFile; fileRef = D9AA72571C56EEF500002BEE /* KissXMLTests.m */; };
/* End PBXBuildFile section */

/* Begin PBXFileReference section */
		479081CF84316EC3B64CC774 /* Pods-KissXMLTests.debug.xcconfig */ = {isa = PBXFileReference; includeInIndex = 1; lastKnownFileType = text.xcconfig; name = "Pods-KissXMLTests.debug.xcconfig"; path = "Pods/Target Support Files/Pods-KissXMLTests/Pods-KissXMLTests.debug.xcconfig"; sourceTree = "<group>"; };
		5C70BB7AE0E553D05BD5B28A /* Pods_KissXMLTests.framework */ = {isa = PBXFileReference; explicitFileType = wrapper.framework; includeInIndex = 0; path = Pods_KissXMLTests.framework; sourceTree = BUILT_PRODUCTS_DIR; };
		7086B3E72D0408689CA93694 /* Pods_KissXMLSwiftTests.framework */ = {isa = PBXFileReference; explicitFileType = wrapper.framework; includeInIndex = 0; path = Pods_KissXMLSwiftTests.framework; sourceTree = BUILT_PRODUCTS_DIR; };
		803514BD5C8291F46DF497F8 /* Pods-KissXMLSwiftTests.debug.xcconfig */ = {isa = PBXFileReference; includeInIndex = 1; lastKnownFileType = text.xcconfig; name = "Pods-KissXMLSwiftTests.debug.xcconfig"; path = "Pods/Target Support Files/Pods-KissXMLSwiftTests/Pods-KissXMLSwiftTests.debug.xcconfig"; sourceTree = "<group>"; };
		8B3609D8C44FA5211387ABFE /* Pods-KissXMLSwiftTests.release.xcconfig */ = {isa = PBXFileReference; includeInIndex = 1; lastKnownFileType = text.xcconfig; name = "Pods-KissXMLSwiftTests.release.xcconfig"; path = "Pods/Target Support Files/Pods-KissXMLSwiftTests/Pods-KissXMLSwiftTests.release.xcconfig"; sourceTree = "<group>"; };
		D36E3906E0CB35A96D3E649C /* Pods-KissXMLTests.release.xcconfig */ = {isa = PBXFileReference; includeInIndex = 1; lastKnownFileType = text.xcconfig; name = "Pods-KissXMLTests.release.xcconfig"; path = "Pods/Target Support Files/Pods-KissXMLTests/Pods-KissXMLTests.release.xcconfig"; sourceTree = "<group>"; };
		D9AA72541C56EEF500002BEE /* KissXMLTests.xctest */ = {isa = PBXFileReference; explicitFileType = wrapper.cfbundle; includeInIndex = 0; path = KissXMLTests.xctest; sourceTree = BUILT_PRODUCTS_DIR; };
		D9AA72571C56EEF500002BEE /* KissXMLTests.m */ = {isa = PBXFileReference; lastKnownFileType = sourcecode.c.objc; name = KissXMLTests.m; path = ../../Shared/KissXMLTests.m; sourceTree = "<group>"; };
		D9AA72591C56EEF500002BEE /* Info.plist */ = {isa = PBXFileReference; lastKnownFileType = text.plist.xml; path = Info.plist; sourceTree = "<group>"; };
/* End PBXFileReference section */

/* Begin PBXFrameworksBuildPhase section */
		D9AA72511C56EEF500002BEE /* Frameworks */ = {
			isa = PBXFrameworksBuildPhase;
			buildActionMask = 2147483647;
			files = (
				2357A048A50D62A0726A47D7 /* Pods_KissXMLTests.framework in Frameworks */,
			);
			runOnlyForDeploymentPostprocessing = 0;
		};
/* End PBXFrameworksBuildPhase section */

/* Begin PBXGroup section */
		D9AA72491C56EE9D00002BEE = {
			isa = PBXGroup;
			children = (
				D9AA72561C56EEF500002BEE /* KissXMLTests */,
				D9AA72551C56EEF500002BEE /* Products */,
				EC6C09DE893398DA001C5BFD /* Pods */,
				FB53D0F8D20CA2E913D68E36 /* Frameworks */,
			);
			sourceTree = "<group>";
		};
		D9AA72551C56EEF500002BEE /* Products */ = {
			isa = PBXGroup;
			children = (
				D9AA72541C56EEF500002BEE /* KissXMLTests.xctest */,
			);
			name = Products;
			sourceTree = "<group>";
		};
		D9AA72561C56EEF500002BEE /* KissXMLTests */ = {
			isa = PBXGroup;
			children = (
				D9AA72571C56EEF500002BEE /* KissXMLTests.m */,
				D9AA72591C56EEF500002BEE /* Info.plist */,
			);
			path = KissXMLTests;
			sourceTree = "<group>";
		};
		EC6C09DE893398DA001C5BFD /* Pods */ = {
			isa = PBXGroup;
			children = (
				479081CF84316EC3B64CC774 /* Pods-KissXMLTests.debug.xcconfig */,
				D36E3906E0CB35A96D3E649C /* Pods-KissXMLTests.release.xcconfig */,
				803514BD5C8291F46DF497F8 /* Pods-KissXMLSwiftTests.debug.xcconfig */,
				8B3609D8C44FA5211387ABFE /* Pods-KissXMLSwiftTests.release.xcconfig */,
			);
			name = Pods;
			sourceTree = "<group>";
		};
		FB53D0F8D20CA2E913D68E36 /* Frameworks */ = {
			isa = PBXGroup;
			children = (
				5C70BB7AE0E553D05BD5B28A /* Pods_KissXMLTests.framework */,
				7086B3E72D0408689CA93694 /* Pods_KissXMLSwiftTests.framework */,
			);
			name = Frameworks;
			sourceTree = "<group>";
		};
/* End PBXGroup section */

/* Begin PBXNativeTarget section */
		D9AA72531C56EEF500002BEE /* KissXMLTests */ = {
			isa = PBXNativeTarget;
			buildConfigurationList = D9AA725C1C56EEF500002BEE /* Build configuration list for PBXNativeTarget "KissXMLTests" */;
			buildPhases = (
				49CD44A600EEDA2A30B614BB /* Check Pods Manifest.lock */,
				D9AA72501C56EEF500002BEE /* Sources */,
				D9AA72511C56EEF500002BEE /* Frameworks */,
				D9AA72521C56EEF500002BEE /* Resources */,
				62CF439FC3F6B1C6386AC09A /* Embed Pods Frameworks */,
				31362D2FE350759B36F97DCF /* Copy Pods Resources */,
			);
			buildRules = (
			);
			dependencies = (
			);
			name = KissXMLTests;
			productName = KissXMLTests;
			productReference = D9AA72541C56EEF500002BEE /* KissXMLTests.xctest */;
			productType = "com.apple.product-type.bundle.unit-test";
		};
/* End PBXNativeTarget section */

/* Begin PBXProject section */
		D9AA724A1C56EE9D00002BEE /* Project object */ = {
			isa = PBXProject;
			attributes = {
				LastSwiftUpdateCheck = 0720;
				LastUpgradeCheck = 0720;
				TargetAttributes = {
					D9AA72531C56EEF500002BEE = {
						CreatedOnToolsVersion = 7.2;
					};
				};
			};
			buildConfigurationList = D9AA724D1C56EE9D00002BEE /* Build configuration list for PBXProject "KissXML" */;
			compatibilityVersion = "Xcode 3.2";
			developmentRegion = English;
			hasScannedForEncodings = 0;
			knownRegions = (
				en,
			);
			mainGroup = D9AA72491C56EE9D00002BEE;
			productRefGroup = D9AA72551C56EEF500002BEE /* Products */;
			projectDirPath = "";
			projectRoot = "";
			targets = (
				D9AA72531C56EEF500002BEE /* KissXMLTests */,
			);
		};
/* End PBXProject section */

/* Begin PBXResourcesBuildPhase section */
		D9AA72521C56EEF500002BEE /* Resources */ = {
			isa = PBXResourcesBuildPhase;
			buildActionMask = 2147483647;
			files = (
			);
			runOnlyForDeploymentPostprocessing = 0;
		};
/* End PBXResourcesBuildPhase section */

/* Begin PBXShellScriptBuildPhase section */
		31362D2FE350759B36F97DCF /* Copy Pods Resources */ = {
			isa = PBXShellScriptBuildPhase;
			buildActionMask = 2147483647;
			files = (
			);
			inputPaths = (
			);
			name = "Copy Pods Resources";
			outputPaths = (
			);
			runOnlyForDeploymentPostprocessing = 0;
			shellPath = /bin/sh;
			shellScript = "\"${SRCROOT}/Pods/Target Support Files/Pods-KissXMLTests/Pods-KissXMLTests-resources.sh\"\n";
			showEnvVarsInLog = 0;
		};
		49CD44A600EEDA2A30B614BB /* Check Pods Manifest.lock */ = {
			isa = PBXShellScriptBuildPhase;
			buildActionMask = 2147483647;
			files = (
			);
			inputPaths = (
			);
			name = "Check Pods Manifest.lock";
			outputPaths = (
			);
			runOnlyForDeploymentPostprocessing = 0;
			shellPath = /bin/sh;
			shellScript = "diff \"${PODS_ROOT}/../Podfile.lock\" \"${PODS_ROOT}/Manifest.lock\" > /dev/null\nif [[ $? != 0 ]] ; then\n    cat << EOM\nerror: The sandbox is not in sync with the Podfile.lock. Run 'pod install' or update your CocoaPods installation.\nEOM\n    exit 1\nfi\n";
			showEnvVarsInLog = 0;
		};
		62CF439FC3F6B1C6386AC09A /* Embed Pods Frameworks */ = {
			isa = PBXShellScriptBuildPhase;
			buildActionMask = 2147483647;
			files = (
			);
			inputPaths = (
			);
			name = "Embed Pods Frameworks";
			outputPaths = (
			);
			runOnlyForDeploymentPostprocessing = 0;
			shellPath = /bin/sh;
			shellScript = "\"${SRCROOT}/Pods/Target Support Files/Pods-KissXMLTests/Pods-KissXMLTests-frameworks.sh\"\n";
			showEnvVarsInLog = 0;
		};
/* End PBXShellScriptBuildPhase section */

/* Begin PBXSourcesBuildPhase section */
		D9AA72501C56EEF500002BEE /* Sources */ = {
			isa = PBXSourcesBuildPhase;
			buildActionMask = 2147483647;
			files = (
				D9AA72581C56EEF500002BEE /* KissXMLTests.m in Sources */,
			);
			runOnlyForDeploymentPostprocessing = 0;
		};
/* End PBXSourcesBuildPhase section */

/* Begin XCBuildConfiguration section */
		D9AA724E1C56EE9D00002BEE /* Debug */ = {
			isa = XCBuildConfiguration;
			buildSettings = {
			};
			name = Debug;
		};
		D9AA724F1C56EE9D00002BEE /* Release */ = {
			isa = XCBuildConfiguration;
			buildSettings = {
			};
			name = Release;
		};
		D9AA725A1C56EEF500002BEE /* Debug */ = {
			isa = XCBuildConfiguration;
			baseConfigurationReference = 479081CF84316EC3B64CC774 /* Pods-KissXMLTests.debug.xcconfig */;
			buildSettings = {
				ALWAYS_SEARCH_USER_PATHS = NO;
				CLANG_CXX_LANGUAGE_STANDARD = "gnu++0x";
				CLANG_CXX_LIBRARY = "libc++";
				CLANG_ENABLE_MODULES = YES;
				CLANG_ENABLE_OBJC_ARC = YES;
				CLANG_WARN_BOOL_CONVERSION = YES;
				CLANG_WARN_CONSTANT_CONVERSION = YES;
				CLANG_WARN_DIRECT_OBJC_ISA_USAGE = YES_ERROR;
				CLANG_WARN_EMPTY_BODY = YES;
				CLANG_WARN_ENUM_CONVERSION = YES;
				CLANG_WARN_INT_CONVERSION = YES;
				CLANG_WARN_OBJC_ROOT_CLASS = YES_ERROR;
				CLANG_WARN_UNREACHABLE_CODE = YES;
				CLANG_WARN__DUPLICATE_METHOD_MATCH = YES;
				CODE_SIGN_IDENTITY = "-";
				COMBINE_HIDPI_IMAGES = YES;
				COPY_PHASE_STRIP = NO;
				DEBUG_INFORMATION_FORMAT = dwarf;
				ENABLE_STRICT_OBJC_MSGSEND = YES;
				ENABLE_TESTABILITY = YES;
				GCC_C_LANGUAGE_STANDARD = gnu99;
				GCC_DYNAMIC_NO_PIC = NO;
				GCC_NO_COMMON_BLOCKS = YES;
				GCC_OPTIMIZATION_LEVEL = 0;
				GCC_PREPROCESSOR_DEFINITIONS = (
					"DEBUG=1",
					"$(inherited)",
				);
				GCC_WARN_64_TO_32_BIT_CONVERSION = YES;
				GCC_WARN_ABOUT_RETURN_TYPE = YES_ERROR;
				GCC_WARN_UNDECLARED_SELECTOR = YES;
				GCC_WARN_UNINITIALIZED_AUTOS = YES_AGGRESSIVE;
				GCC_WARN_UNUSED_FUNCTION = YES;
				GCC_WARN_UNUSED_VARIABLE = YES;
				INFOPLIST_FILE = KissXMLTests/Info.plist;
				LD_RUNPATH_SEARCH_PATHS = "$(inherited) @executable_path/../Frameworks @loader_path/../Frameworks";
				MACOSX_DEPLOYMENT_TARGET = 10.11;
				MTL_ENABLE_DEBUG_INFO = YES;
				ONLY_ACTIVE_ARCH = YES;
				PRODUCT_BUNDLE_IDENTIFIER = io.ballinger.KissXMLTests;
				PRODUCT_NAME = "$(TARGET_NAME)";
				SDKROOT = macosx;
			};
			name = Debug;
		};
		D9AA725B1C56EEF500002BEE /* Release */ = {
			isa = XCBuildConfiguration;
			baseConfigurationReference = D36E3906E0CB35A96D3E649C /* Pods-KissXMLTests.release.xcconfig */;
			buildSettings = {
				ALWAYS_SEARCH_USER_PATHS = NO;
				CLANG_CXX_LANGUAGE_STANDARD = "gnu++0x";
				CLANG_CXX_LIBRARY = "libc++";
				CLANG_ENABLE_MODULES = YES;
				CLANG_ENABLE_OBJC_ARC = YES;
				CLANG_WARN_BOOL_CONVERSION = YES;
				CLANG_WARN_CONSTANT_CONVERSION = YES;
				CLANG_WARN_DIRECT_OBJC_ISA_USAGE = YES_ERROR;
				CLANG_WARN_EMPTY_BODY = YES;
				CLANG_WARN_ENUM_CONVERSION = YES;
				CLANG_WARN_INT_CONVERSION = YES;
				CLANG_WARN_OBJC_ROOT_CLASS = YES_ERROR;
				CLANG_WARN_UNREACHABLE_CODE = YES;
				CLANG_WARN__DUPLICATE_METHOD_MATCH = YES;
				CODE_SIGN_IDENTITY = "-";
				COMBINE_HIDPI_IMAGES = YES;
				COPY_PHASE_STRIP = NO;
				DEBUG_INFORMATION_FORMAT = "dwarf-with-dsym";
				ENABLE_NS_ASSERTIONS = NO;
				ENABLE_STRICT_OBJC_MSGSEND = YES;
				GCC_C_LANGUAGE_STANDARD = gnu99;
				GCC_NO_COMMON_BLOCKS = YES;
				GCC_WARN_64_TO_32_BIT_CONVERSION = YES;
				GCC_WARN_ABOUT_RETURN_TYPE = YES_ERROR;
				GCC_WARN_UNDECLARED_SELECTOR = YES;
				GCC_WARN_UNINITIALIZED_AUTOS = YES_AGGRESSIVE;
				GCC_WARN_UNUSED_FUNCTION = YES;
				GCC_WARN_UNUSED_VARIABLE = YES;
				INFOPLIST_FILE = KissXMLTests/Info.plist;
				LD_RUNPATH_SEARCH_PATHS = "$(inherited) @executable_path/../Frameworks @loader_path/../Frameworks";
				MACOSX_DEPLOYMENT_TARGET = 10.11;
				MTL_ENABLE_DEBUG_INFO = NO;
				PRODUCT_BUNDLE_IDENTIFIER = io.ballinger.KissXMLTests;
				PRODUCT_NAME = "$(TARGET_NAME)";
				SDKROOT = macosx;
			};
			name = Release;
		};
/* End XCBuildConfiguration section */

/* Begin XCConfigurationList section */
		D9AA724D1C56EE9D00002BEE /* Build configuration list for PBXProject "KissXML" */ = {
			isa = XCConfigurationList;
			buildConfigurations = (
				D9AA724E1C56EE9D00002BEE /* Debug */,
				D9AA724F1C56EE9D00002BEE /* Release */,
			);
			defaultConfigurationIsVisible = 0;
			defaultConfigurationName = Release;
		};
		D9AA725C1C56EEF500002BEE /* Build configuration list for PBXNativeTarget "KissXMLTests" */ = {
			isa = XCConfigurationList;
			buildConfigurations = (
				D9AA725A1C56EEF500002BEE /* Debug */,
				D9AA725B1C56EEF500002BEE /* Release */,
			);
			defaultConfigurationIsVisible = 0;
			defaultConfigurationName = Release;
		};
/* End XCConfigurationList section */
	};
	rootObject = D9AA724A1C56EE9D00002BEE /* Project object */;
}
