PODS:
  - KissXML (5.1.0):
    - KissXML/Core (= 5.1.0)
  - KissXML/Core (5.1.0)

DEPENDENCIES:
  - KissXML (from `../../`)

EXTERNAL SOURCES:
  KissXML:
    :path: "../../"

SPEC CHECKSUMS:
  KissXML: ca3d22281d71d6591bf9d251625ffd3f11cf3297

PODFILE CHECKSUM: c01aead39b0031c7281020a75642108de2c47ce6

COCOAPODS: 1.0.1
